
Microsoft Visual Studio Solution File, Format Version 12.00
# Visual Studio Version 17
VisualStudioVersion = 17.3.32819.101
MinimumVisualStudioVersion = 10.0.40219.1
Project("{FAE04EC0-301F-11D3-BF4B-00C04F79EFBC}") = "Tempetatur", "Tempetatur\Tempetatur.csproj", "{A5594306-FCF6-4C0B-AE5D-6C82BD56B70B}"
EndProject
Global
	GlobalSection(SolutionConfigurationPlatforms) = preSolution
		Debug|Any CPU = Debug|Any CPU
		Release|Any CPU = Release|Any CPU
	EndGlobalSection
	GlobalSection(ProjectConfigurationPlatforms) = postSolution
		{A5594306-FCF6-4C0B-AE5D-6C82BD56B70B}.Debug|Any CPU.ActiveCfg = Debug|Any CPU
		{A5594306-FCF6-4C0B-AE5D-6C82BD56B70B}.Debug|Any CPU.Build.0 = Debug|Any CPU
		{A5594306-FCF6-4C0B-AE5D-6C82BD56B70B}.Release|Any CPU.ActiveCfg = Release|Any CPU
		{A5594306-FCF6-4C0B-AE5D-6C82BD56B70B}.Release|Any CPU.Build.0 = Release|Any CPU
	EndGlobalSection
	GlobalSection(SolutionProperties) = preSolution
		HideSolutionNode = FALSE
	EndGlobalSection
	GlobalSection(ExtensibilityGlobals) = postSolution
		SolutionGuid = {6A46DDD9-E05E-412C-8E9B-713D61B645C3}
	EndGlobalSection
EndGlobal
